schema: '2.0'
stages:
  download_dataset:
    cmd: python equipo35_mlops/stages/download_data.py
    outs:
    - path: data/raw/student_data_df.csv
      hash: md5
      md5: 768cd9aefc4dbadc78950f5f4d195b36
      size: 14918
  preprocess_data:
    cmd: python equipo35_mlops/stages/preprocessing.py
    deps:
    - path: data/raw/student_data_df.csv
      hash: md5
      md5: 768cd9aefc4dbadc78950f5f4d195b36
      size: 14918
    - path: equipo35_mlops/stages/preprocessing.py
      hash: md5
      md5: 16c7e87b75bbec9e769c23fb66d32aa4
      size: 525
    outs:
    - path: data/processed/X_test.npy
      hash: md5
      md5: b6f62cda280a744fa60d15fbbed6664b
      size: 1701
    - path: data/processed/X_train.npy
      hash: md5
      md5: 280ee3c399b033beb0991b4ad10e6610
      size: 53865
    - path: data/processed/y_test.npy
      hash: md5
      md5: 4463dc962b3dacce3c1a8dd8d8af8fce
      size: 344
    - path: data/processed/y_train.npy
      hash: md5
      md5: 8683f706971a86d057f44125f0e910aa
      size: 1600
    - path: models/preprocessor.pkl
      hash: md5
      md5: ef19d624a74a9681df309e1c59bb89da
      size: 9453
