schema: '2.0'
stages:
  download_dataset:
    cmd: python equipo35_mlops/stages/download_data.py
    deps:
    - path: equipo35_mlops/stages/download_data.py
      hash: md5
      md5: b7ddd64b9ff5d201d1e8f1d614139503
      size: 375
    outs:
    - path: data/raw/student_data_df.csv
      hash: md5
      md5: 768cd9aefc4dbadc78950f5f4d195b36
      size: 14918
  preprocess_data:
    cmd: python equipo35_mlops/stages/preprocessing.py
    deps:
    - path: data/raw/student_data_df.csv
      hash: md5
      md5: 768cd9aefc4dbadc78950f5f4d195b36
      size: 14918
    - path: equipo35_mlops/stages/preprocessing.py
      hash: md5
      md5: 16c7e87b75bbec9e769c23fb66d32aa4
      size: 525
    outs:
    - path: data/processed/X_test.csv
      hash: md5
      md5: 2201860a6e8bd28c6e119b81bb0563e4
      size: 2703
    - path: data/processed/X_train.npy
      hash: md5
      md5: 79c90b601d967c3277a40a4d7839bb9a
      size: 53673
    - path: data/processed/y_test.npy
      hash: md5
      md5: 4463dc962b3dacce3c1a8dd8d8af8fce
      size: 344
    - path: data/processed/y_train.npy
      hash: md5
      md5: 8683f706971a86d057f44125f0e910aa
      size: 1600
    - path: models/preprocessor.pkl
      hash: md5
      md5: ef19d624a74a9681df309e1c59bb89da
      size: 9453
  train_model:
    cmd: python equipo35_mlops/stages/training.py
    deps:
    - path: data/processed/X_train.npy
      hash: md5
      md5: 79c90b601d967c3277a40a4d7839bb9a
      size: 53673
    - path: data/processed/y_train.npy
      hash: md5
      md5: 8683f706971a86d057f44125f0e910aa
      size: 1600
    - path: equipo35_mlops/stages/training.py
      hash: md5
      md5: 59d14785ca1556b1a3c2881580bfc608
      size: 604
    - path: models/preprocessor.pkl
      hash: md5
      md5: ef19d624a74a9681df309e1c59bb89da
      size: 9453
    outs:
    - path: models/logistic_regression.pkl
      hash: md5
      md5: 9fcac5e512d175b08b1125ca4633df3e
      size: 3207
  evaluate_model:
    cmd: python equipo35_mlops/stages/evaluation.py
    deps:
    - path: equipo35_mlops/stages/evaluation.py
      hash: md5
      md5: d1f7abc5f01320db3413b3f8abc730c5
      size: 469
    - path: models/logistic_regression.pkl
      hash: md5
      md5: 9fcac5e512d175b08b1125ca4633df3e
      size: 3207
    - path: models/preprocessor.pkl
      hash: md5
      md5: ef19d624a74a9681df309e1c59bb89da
      size: 9453
